
Microsoft Visual Studio Solution File, Format Version 12.00
# Visual Studio Version 16
VisualStudioVersion = 16.0.30204.135
MinimumVisualStudioVersion = 10.0.40219.1
Project("{9A19103F-16F7-4668-BE54-9A1E7A4F7556}") = "RestServer", "RestServer\RestServer.csproj", "{B2EBB500-9EEF-46CA-9F60-98BA2FE9BF1F}"
EndProject
Project("{9A19103F-16F7-4668-BE54-9A1E7A4F7556}") = "GRPCServer", "GrpcServer\GRPCServer.csproj", "{3365F37E-3681-42DF-A61E-62A706BB3DEB}"
EndProject
Project("{9A19103F-16F7-4668-BE54-9A1E7A4F7556}") = "BlazorWebAssemblyClient", "BlazorWebAssemblyClient\BlazorWebAssemblyClient.csproj", "{5CB6002D-1495-487A-805D-FD3753C43E38}"
EndProject
Global
	GlobalSection(SolutionConfigurationPlatforms) = preSolution
		Debug|Any CPU = Debug|Any CPU
		Release|Any CPU = Release|Any CPU
	EndGlobalSection
	GlobalSection(ProjectConfigurationPlatforms) = postSolution
		{B2EBB500-9EEF-46CA-9F60-98BA2FE9BF1F}.Debug|Any CPU.ActiveCfg = Debug|Any CPU
		{B2EBB500-9EEF-46CA-9F60-98BA2FE9BF1F}.Debug|Any CPU.Build.0 = Debug|Any CPU
		{B2EBB500-9EEF-46CA-9F60-98BA2FE9BF1F}.Release|Any CPU.ActiveCfg = Release|Any CPU
		{B2EBB500-9EEF-46CA-9F60-98BA2FE9BF1F}.Release|Any CPU.Build.0 = Release|Any CPU
		{3365F37E-3681-42DF-A61E-62A706BB3DEB}.Debug|Any CPU.ActiveCfg = Debug|Any CPU
		{3365F37E-3681-42DF-A61E-62A706BB3DEB}.Debug|Any CPU.Build.0 = Debug|Any CPU
		{3365F37E-3681-42DF-A61E-62A706BB3DEB}.Release|Any CPU.ActiveCfg = Release|Any CPU
		{3365F37E-3681-42DF-A61E-62A706BB3DEB}.Release|Any CPU.Build.0 = Release|Any CPU
		{5CB6002D-1495-487A-805D-FD3753C43E38}.Debug|Any CPU.ActiveCfg = Debug|Any CPU
		{5CB6002D-1495-487A-805D-FD3753C43E38}.Debug|Any CPU.Build.0 = Debug|Any CPU
		{5CB6002D-1495-487A-805D-FD3753C43E38}.Release|Any CPU.ActiveCfg = Release|Any CPU
		{5CB6002D-1495-487A-805D-FD3753C43E38}.Release|Any CPU.Build.0 = Release|Any CPU
	EndGlobalSection
	GlobalSection(SolutionProperties) = preSolution
		HideSolutionNode = FALSE
	EndGlobalSection
	GlobalSection(ExtensibilityGlobals) = postSolution
		SolutionGuid = {5E2CC043-C27D-4A16-9F07-09E87A24A205}
	EndGlobalSection
EndGlobal
